
Microsoft Visual Studio Solution File, Format Version 12.00
# Visual Studio Version 16
VisualStudioVersion = 16.0.30204.135
MinimumVisualStudioVersion = 10.0.40219.1
Project("{2150E333-8FDC-42A3-9474-1A3956D46DE8}") = "behavioral", "behavioral", "{BE8659EC-06E4-436A-9579-C3A2D615D09B}"
EndProject
Project("{2150E333-8FDC-42A3-9474-1A3956D46DE8}") = "creational", "creational", "{8D28D711-C669-4240-B7B7-D2693A036A5C}"
EndProject
Project("{2150E333-8FDC-42A3-9474-1A3956D46DE8}") = "structural", "structural", "{2B14AA65-1E53-4EA4-86B9-2DC98802E635}"
EndProject
Project("{2150E333-8FDC-42A3-9474-1A3956D46DE8}") = "Solution Items", "Solution Items", "{D6A34907-B4C0-4327-99FF-B6DC7D17E797}"
	ProjectSection(SolutionItems) = preProject
		.editorconfig = .editorconfig
		README.md = README.md
	EndProjectSection
EndProject
Project("{2150E333-8FDC-42A3-9474-1A3956D46DE8}") = "src", "src", "{9B57F50F-27B3-4B51-A5B7-2F53DAD40BAC}"
EndProject
Project("{2150E333-8FDC-42A3-9474-1A3956D46DE8}") = "Proxy", "Proxy", "{D20F4D0B-2FB4-4CA0-922C-8D057D0DCA27}"
EndProject
Project("{2150E333-8FDC-42A3-9474-1A3956D46DE8}") = "Builder", "Builder", "{69D59235-49DA-41CF-A623-998E10CABB90}"
EndProject
Project("{9A19103F-16F7-4668-BE54-9A1E7A4F7556}") = "DesignPattern.Builder", "src\creational\Builder\DesignPattern.Builder\DesignPattern.Builder.csproj", "{3EE0CDD3-0FA0-47B1-BD3A-8891E6605F17}"
EndProject
Project("{FAE04EC0-301F-11D3-BF4B-00C04F79EFBC}") = "DesignPattern.Builder.Tests", "src\creational\Builder\DesignPattern.Builder.Tests\DesignPattern.Builder.Tests.csproj", "{11E672C5-3F73-4EE1-9309-F48407185C27}"
EndProject
Project("{9A19103F-16F7-4668-BE54-9A1E7A4F7556}") = "DesignPattern.Proxy", "src\structural\Proxy\DesignPattern.Proxy\DesignPattern.Proxy.csproj", "{C33AE7B0-9F67-4ACD-B01D-901210DCB3E7}"
EndProject
Project("{FAE04EC0-301F-11D3-BF4B-00C04F79EFBC}") = "DesignPattern.Proxy.Tests", "src\structural\Proxy\DesignPattern.Proxy.Tests\DesignPattern.Proxy.Tests.csproj", "{A55D7AF9-E571-45C8-9FAA-340A9B27AC78}"
EndProject
Global
	GlobalSection(SolutionConfigurationPlatforms) = preSolution
		Debug|Any CPU = Debug|Any CPU
		Release|Any CPU = Release|Any CPU
	EndGlobalSection
	GlobalSection(ProjectConfigurationPlatforms) = postSolution
		{3EE0CDD3-0FA0-47B1-BD3A-8891E6605F17}.Debug|Any CPU.ActiveCfg = Debug|Any CPU
		{3EE0CDD3-0FA0-47B1-BD3A-8891E6605F17}.Debug|Any CPU.Build.0 = Debug|Any CPU
		{3EE0CDD3-0FA0-47B1-BD3A-8891E6605F17}.Release|Any CPU.ActiveCfg = Release|Any CPU
		{3EE0CDD3-0FA0-47B1-BD3A-8891E6605F17}.Release|Any CPU.Build.0 = Release|Any CPU
		{11E672C5-3F73-4EE1-9309-F48407185C27}.Debug|Any CPU.ActiveCfg = Debug|Any CPU
		{11E672C5-3F73-4EE1-9309-F48407185C27}.Debug|Any CPU.Build.0 = Debug|Any CPU
		{11E672C5-3F73-4EE1-9309-F48407185C27}.Release|Any CPU.ActiveCfg = Release|Any CPU
		{11E672C5-3F73-4EE1-9309-F48407185C27}.Release|Any CPU.Build.0 = Release|Any CPU
		{C33AE7B0-9F67-4ACD-B01D-901210DCB3E7}.Debug|Any CPU.ActiveCfg = Debug|Any CPU
		{C33AE7B0-9F67-4ACD-B01D-901210DCB3E7}.Debug|Any CPU.Build.0 = Debug|Any CPU
		{C33AE7B0-9F67-4ACD-B01D-901210DCB3E7}.Release|Any CPU.ActiveCfg = Release|Any CPU
		{C33AE7B0-9F67-4ACD-B01D-901210DCB3E7}.Release|Any CPU.Build.0 = Release|Any CPU
		{A55D7AF9-E571-45C8-9FAA-340A9B27AC78}.Debug|Any CPU.ActiveCfg = Debug|Any CPU
		{A55D7AF9-E571-45C8-9FAA-340A9B27AC78}.Debug|Any CPU.Build.0 = Debug|Any CPU
		{A55D7AF9-E571-45C8-9FAA-340A9B27AC78}.Release|Any CPU.ActiveCfg = Release|Any CPU
		{A55D7AF9-E571-45C8-9FAA-340A9B27AC78}.Release|Any CPU.Build.0 = Release|Any CPU
	EndGlobalSection
	GlobalSection(SolutionProperties) = preSolution
		HideSolutionNode = FALSE
	EndGlobalSection
	GlobalSection(NestedProjects) = preSolution
		{BE8659EC-06E4-436A-9579-C3A2D615D09B} = {9B57F50F-27B3-4B51-A5B7-2F53DAD40BAC}
		{8D28D711-C669-4240-B7B7-D2693A036A5C} = {9B57F50F-27B3-4B51-A5B7-2F53DAD40BAC}
		{2B14AA65-1E53-4EA4-86B9-2DC98802E635} = {9B57F50F-27B3-4B51-A5B7-2F53DAD40BAC}
		{D20F4D0B-2FB4-4CA0-922C-8D057D0DCA27} = {2B14AA65-1E53-4EA4-86B9-2DC98802E635}
		{69D59235-49DA-41CF-A623-998E10CABB90} = {8D28D711-C669-4240-B7B7-D2693A036A5C}
		{3EE0CDD3-0FA0-47B1-BD3A-8891E6605F17} = {69D59235-49DA-41CF-A623-998E10CABB90}
		{11E672C5-3F73-4EE1-9309-F48407185C27} = {69D59235-49DA-41CF-A623-998E10CABB90}
		{C33AE7B0-9F67-4ACD-B01D-901210DCB3E7} = {D20F4D0B-2FB4-4CA0-922C-8D057D0DCA27}
		{A55D7AF9-E571-45C8-9FAA-340A9B27AC78} = {D20F4D0B-2FB4-4CA0-922C-8D057D0DCA27}
	EndGlobalSection
	GlobalSection(ExtensibilityGlobals) = postSolution
		SolutionGuid = {5E9E102C-5291-463A-A287-DC51C2C834ED}
	EndGlobalSection
EndGlobal
